
Microsoft Visual Studio Solution File, Format Version 12.00
# Visual Studio Version 16
VisualStudioVersion = 16.0.29111.141
MinimumVisualStudioVersion = 10.0.40219.1
Project("{FAE04EC0-301F-11D3-BF4B-00C04F79EFBC}") = "VideoApp", "VideoApp\VideoApp.csproj", "{633E171F-52E5-4439-B0E5-C721E95DCBB8}"
EndProject
Project("{FAE04EC0-301F-11D3-BF4B-00C04F79EFBC}") = "VideoApp.Models", "VideoApp.Models\VideoApp.Models.csproj", "{69F37731-B0A1-4453-9091-7CA1D22CBA76}"
EndProject
Project("{00D1A9C2-B5F0-4AF3-8072-F6C62B433612}") = "VideoApp.Database", "VideoApp.Database\VideoApp.Database.sqlproj", "{1D0A9D38-6E2E-40E8-89EB-7335A2902323}"
EndProject
Global
	GlobalSection(SolutionConfigurationPlatforms) = preSolution
		Debug|Any CPU = Debug|Any CPU
		Release|Any CPU = Release|Any CPU
	EndGlobalSection
	GlobalSection(ProjectConfigurationPlatforms) = postSolution
		{633E171F-52E5-4439-B0E5-C721E95DCBB8}.Debug|Any CPU.ActiveCfg = Debug|Any CPU
		{633E171F-52E5-4439-B0E5-C721E95DCBB8}.Debug|Any CPU.Build.0 = Debug|Any CPU
		{633E171F-52E5-4439-B0E5-C721E95DCBB8}.Release|Any CPU.ActiveCfg = Release|Any CPU
		{633E171F-52E5-4439-B0E5-C721E95DCBB8}.Release|Any CPU.Build.0 = Release|Any CPU
		{69F37731-B0A1-4453-9091-7CA1D22CBA76}.Debug|Any CPU.ActiveCfg = Debug|Any CPU
		{69F37731-B0A1-4453-9091-7CA1D22CBA76}.Debug|Any CPU.Build.0 = Debug|Any CPU
		{69F37731-B0A1-4453-9091-7CA1D22CBA76}.Release|Any CPU.ActiveCfg = Release|Any CPU
		{69F37731-B0A1-4453-9091-7CA1D22CBA76}.Release|Any CPU.Build.0 = Release|Any CPU
		{1D0A9D38-6E2E-40E8-89EB-7335A2902323}.Debug|Any CPU.ActiveCfg = Debug|Any CPU
		{1D0A9D38-6E2E-40E8-89EB-7335A2902323}.Debug|Any CPU.Build.0 = Debug|Any CPU
		{1D0A9D38-6E2E-40E8-89EB-7335A2902323}.Debug|Any CPU.Deploy.0 = Debug|Any CPU
		{1D0A9D38-6E2E-40E8-89EB-7335A2902323}.Release|Any CPU.ActiveCfg = Release|Any CPU
		{1D0A9D38-6E2E-40E8-89EB-7335A2902323}.Release|Any CPU.Build.0 = Release|Any CPU
		{1D0A9D38-6E2E-40E8-89EB-7335A2902323}.Release|Any CPU.Deploy.0 = Release|Any CPU
	EndGlobalSection
	GlobalSection(SolutionProperties) = preSolution
		HideSolutionNode = FALSE
	EndGlobalSection
	GlobalSection(ExtensibilityGlobals) = postSolution
		SolutionGuid = {916BE2D3-EA2A-4733-A64F-00463DADD54C}
	EndGlobalSection
EndGlobal
